{
    "version": 3,
    "terraform_version": "0.11.13",
    "serial": 6,
    "lineage": "afb2d323-e192-86b8-a3c7-90d9f015d5b1",
    "modules": [
        {
            "path": [
                "root"
            ],
            "outputs": {},
            "resources": {
                "pagerduty_schedule.on_call_schedule": {
                    "type": "pagerduty_schedule",
                    "depends_on": [
                        "pagerduty_user.batman"
                    ],
                    "primary": {
                        "id": "PL3ISL2",
                        "attributes": {
                            "description": "Managed by Terraform",
                            "id": "PL3ISL2",
                            "layer.#": "1",
                            "layer.0.end": "",
                            "layer.0.id": "PBIUY2P",
                            "layer.0.name": "On call schedule",
                            "layer.0.restriction.#": "0",
                            "layer.0.rotation_turn_length_seconds": "604800",
                            "layer.0.rotation_virtual_start": "2018-05-22T12:00:00-08:00",
                            "layer.0.start": "2018-05-22T12:00:00-08:00",
                            "layer.0.users.#": "1",
                            "layer.0.users.0": "PLPHXQQ",
                            "name": "On call schedule",
                            "time_zone": "Europe/London"
                        },
                        "meta": {},
                        "tainted": false
                    },
                    "deposed": [],
                    "provider": "provider.pagerduty"
                },
                "pagerduty_team.engineering": {
                    "type": "pagerduty_team",
                    "depends_on": [],
                    "primary": {
                        "id": "PAPT8XR",
                        "attributes": {
                            "description": "All engineering",
                            "id": "PAPT8XR",
                            "name": "Engineering"
                        },
                        "meta": {},
                        "tainted": false
                    },
                    "deposed": [],
                    "provider": "provider.pagerduty"
                },
                "pagerduty_user.batman": {
                    "type": "pagerduty_user",
                    "depends_on": [
                        "pagerduty_team.engineering"
                    ],
                    "primary": {
                        "id": "PLPHXQQ",
                        "attributes": {
                            "avatar_url": "https://secure.gravatar.com/avatar/fa5dda1505437b1b3a7e67d087a5d416.png?d=mm\u0026r=PG",
                            "color": "red",
                            "description": "Managed by Terraform",
                            "email": "gato_lopez76@yahoo.es",
                            "id": "PLPHXQQ",
                            "job_title": "",
                            "name": "Mr. Batman",
                            "role": "user",
                            "teams.#": "1",
                            "teams.3686722450": "PAPT8XR",
                            "time_zone": "Europe/London"
                        },
                        "meta": {},
                        "tainted": false
                    },
                    "deposed": [],
                    "provider": "provider.pagerduty"
                },
                "pagerduty_user_contact_method.phone": {
                    "type": "pagerduty_user_contact_method",
                    "depends_on": [
                        "pagerduty_user.batman"
                    ],
                    "primary": {
                        "id": "PRQWOF7",
                        "attributes": {
                            "address": "620666452",
                            "blacklisted": "false",
                            "country_code": "34",
                            "enabled": "false",
                            "id": "PRQWOF7",
                            "label": "Work",
                            "send_short_email": "false",
                            "type": "phone_contact_method",
                            "user_id": "PLPHXQQ"
                        },
                        "meta": {},
                        "tainted": false
                    },
                    "deposed": [],
                    "provider": "provider.pagerduty"
                },
                "pagerduty_user_contact_method.sms": {
                    "type": "pagerduty_user_contact_method",
                    "depends_on": [
                        "pagerduty_user.batman"
                    ],
                    "primary": {
                        "id": "PNE8O2H",
                        "attributes": {
                            "address": "2025550199",
                            "blacklisted": "false",
                            "country_code": "1",
                            "enabled": "true",
                            "id": "PNE8O2H",
                            "label": "Work",
                            "send_short_email": "false",
                            "type": "sms_contact_method",
                            "user_id": "PLPHXQQ"
                        },
                        "meta": {},
                        "tainted": false
                    },
                    "deposed": [],
                    "provider": "provider.pagerduty"
                }
            },
            "depends_on": []
        }
    ]
}

