{
    "version": 3,
    "terraform_version": "0.11.13",
    "serial": 3,
    "lineage": "afb2d323-e192-86b8-a3c7-90d9f015d5b1",
    "modules": [
        {
            "path": [
                "root"
            ],
            "outputs": {},
            "resources": {
                "pagerduty_team.engineering": {
                    "type": "pagerduty_team",
                    "depends_on": [],
                    "primary": {
                        "id": "PAPT8XR",
                        "attributes": {
                            "description": "All engineering",
                            "id": "PAPT8XR",
                            "name": "Engineering"
                        },
                        "meta": {},
                        "tainted": false
                    },
                    "deposed": [],
                    "provider": "provider.pagerduty"
                },
                "pagerduty_user.earline": {
                    "type": "pagerduty_user",
                    "depends_on": [
                        "pagerduty_team.engineering"
                    ],
                    "primary": {
                        "id": "PXZSK7Y",
                        "attributes": {
                            "description": "Managed by Terraform",
                            "email": "gato_lopez76@yahoo.es",
                            "id": "PXZSK7Y",
                            "name": "Earline Greenholt",
                            "role": "user",
                            "teams.#": "1",
                            "teams.3686722450": "PAPT8XR"
                        },
                        "meta": {},
                        "tainted": false
                    },
                    "deposed": [],
                    "provider": "provider.pagerduty"
                },
                "pagerduty_user_contact_method.phone": {
                    "type": "pagerduty_user_contact_method",
                    "depends_on": [
                        "pagerduty_user.earline"
                    ],
                    "primary": {
                        "id": "PYTBTQT",
                        "attributes": {
                            "address": "620666452",
                            "blacklisted": "false",
                            "country_code": "34",
                            "enabled": "false",
                            "id": "PYTBTQT",
                            "label": "Work",
                            "send_short_email": "false",
                            "type": "phone_contact_method",
                            "user_id": "PXZSK7Y"
                        },
                        "meta": {},
                        "tainted": false
                    },
                    "deposed": [],
                    "provider": "provider.pagerduty"
                },
                "pagerduty_user_contact_method.sms": {
                    "type": "pagerduty_user_contact_method",
                    "depends_on": [
                        "pagerduty_user.earline"
                    ],
                    "primary": {
                        "id": "PC2MU2G",
                        "attributes": {
                            "address": "2025550199",
                            "blacklisted": "false",
                            "country_code": "1",
                            "enabled": "true",
                            "id": "PC2MU2G",
                            "label": "Work",
                            "send_short_email": "false",
                            "type": "sms_contact_method",
                            "user_id": "PXZSK7Y"
                        },
                        "meta": {},
                        "tainted": false
                    },
                    "deposed": [],
                    "provider": "provider.pagerduty"
                }
            },
            "depends_on": []
        }
    ]
}
