{
    "version": 3,
    "terraform_version": "0.11.13",
    "serial": 7,
    "lineage": "cc3eadd6-ac7c-2e25-7cf0-4a84ffdcd8a9",
    "modules": [
        {
            "path": [
                "root"
            ],
            "outputs": {},
            "resources": {
                "aws_s3_bucket.example": {
                    "type": "aws_s3_bucket",
                    "depends_on": [],
                    "primary": {
                        "id": "islomar-terraform-getting-started-guide",
                        "attributes": {
                            "acceleration_status": "",
                            "acl": "private",
                            "arn": "arn:aws:s3:::islomar-terraform-getting-started-guide",
                            "bucket": "islomar-terraform-getting-started-guide",
                            "bucket_domain_name": "islomar-terraform-getting-started-guide.s3.amazonaws.com",
                            "bucket_regional_domain_name": "islomar-terraform-getting-started-guide.s3.us-west-1.amazonaws.com",
                            "cors_rule.#": "0",
                            "force_destroy": "false",
                            "hosted_zone_id": "Z2F56UZL2M1ACD",
                            "id": "islomar-terraform-getting-started-guide",
                            "lifecycle_rule.#": "0",
                            "logging.#": "0",
                            "object_lock_configuration.#": "0",
                            "region": "us-west-1",
                            "replication_configuration.#": "0",
                            "request_payer": "BucketOwner",
                            "server_side_encryption_configuration.#": "0",
                            "tags.%": "0",
                            "versioning.#": "1",
                            "versioning.0.enabled": "false",
                            "versioning.0.mfa_delete": "false",
                            "website.#": "0"
                        },
                        "meta": {},
                        "tainted": false
                    },
                    "deposed": [],
                    "provider": "provider.aws"
                }
            },
            "depends_on": []
        }
    ]
}
