{
    "version": 3,
    "terraform_version": "0.11.13",
    "serial": 14,
    "lineage": "cc3eadd6-ac7c-2e25-7cf0-4a84ffdcd8a9",
    "modules": [
        {
            "path": [
                "root"
            ],
            "outputs": {},
            "resources": {
                "aws_eip.ip": {
                    "type": "aws_eip",
                    "depends_on": [
                        "aws_instance.example"
                    ],
                    "primary": {
                        "id": "eipalloc-01ccc65e5b4c934e1",
                        "attributes": {
                            "association_id": "eipassoc-006e812753f87db91",
                            "domain": "vpc",
                            "id": "eipalloc-01ccc65e5b4c934e1",
                            "instance": "i-0563dab3cba434727",
                            "network_interface": "eni-0ac2e84f7fd3dfebb",
                            "private_dns": "ip-172-31-38-244.ec2.internal",
                            "private_ip": "172.31.38.244",
                            "public_dns": "ec2-3-214-199-118.compute-1.amazonaws.com",
                            "public_ip": "3.214.199.118",
                            "public_ipv4_pool": "amazon",
                            "tags.%": "0",
                            "vpc": "true"
                        },
                        "meta": {
                            "e2bfb730-ecaa-11e6-8f88-34363bc7c4c0": {
                                "delete": 180000000000,
                                "read": 900000000000,
                                "update": 300000000000
                            }
                        },
                        "tainted": false
                    },
                    "deposed": [],
                    "provider": "provider.aws"
                },
                "aws_instance.example": {
                    "type": "aws_instance",
                    "depends_on": [],
                    "primary": {
                        "id": "i-0563dab3cba434727",
                        "attributes": {
                            "ami": "ami-2757f631",
                            "arn": "arn:aws:ec2:us-east-1:351403004472:instance/i-0563dab3cba434727",
                            "associate_public_ip_address": "true",
                            "availability_zone": "us-east-1d",
                            "cpu_core_count": "1",
                            "cpu_threads_per_core": "1",
                            "credit_specification.#": "1",
                            "credit_specification.0.cpu_credits": "standard",
                            "disable_api_termination": "false",
                            "ebs_block_device.#": "0",
                            "ebs_optimized": "false",
                            "ephemeral_block_device.#": "0",
                            "get_password_data": "false",
                            "iam_instance_profile": "",
                            "id": "i-0563dab3cba434727",
                            "instance_state": "running",
                            "instance_type": "t2.micro",
                            "ipv6_address_count": "0",
                            "ipv6_addresses.#": "0",
                            "key_name": "",
                            "monitoring": "false",
                            "network_interface.#": "0",
                            "password_data": "",
                            "placement_group": "",
                            "primary_network_interface_id": "eni-0ac2e84f7fd3dfebb",
                            "private_dns": "ip-172-31-38-244.ec2.internal",
                            "private_ip": "172.31.38.244",
                            "public_dns": "ec2-3-214-199-118.compute-1.amazonaws.com",
                            "public_ip": "3.214.199.118",
                            "root_block_device.#": "1",
                            "root_block_device.0.delete_on_termination": "true",
                            "root_block_device.0.iops": "100",
                            "root_block_device.0.volume_id": "vol-0ec0a7a4cddfbe13c",
                            "root_block_device.0.volume_size": "8",
                            "root_block_device.0.volume_type": "gp2",
                            "security_groups.#": "1",
                            "security_groups.3814588639": "default",
                            "source_dest_check": "true",
                            "subnet_id": "subnet-ae672af2",
                            "tags.%": "0",
                            "tenancy": "default",
                            "volume_tags.%": "0",
                            "vpc_security_group_ids.#": "1",
                            "vpc_security_group_ids.2775983898": "sg-2df3ba74"
                        },
                        "meta": {
                            "e2bfb730-ecaa-11e6-8f88-34363bc7c4c0": {
                                "create": 600000000000,
                                "delete": 1200000000000,
                                "update": 600000000000
                            },
                            "schema_version": "1"
                        },
                        "tainted": false
                    },
                    "deposed": [],
                    "provider": "provider.aws"
                }
            },
            "depends_on": []
        }
    ]
}
