{
    "version": 3,
    "terraform_version": "0.11.13",
    "serial": 1,
    "lineage": "cc3eadd6-ac7c-2e25-7cf0-4a84ffdcd8a9",
    "modules": [
        {
            "path": [
                "root"
            ],
            "outputs": {},
            "resources": {
                "aws_instance.example": {
                    "type": "aws_instance",
                    "depends_on": [],
                    "primary": {
                        "id": "i-0a5725023e73dc0cf",
                        "attributes": {
                            "ami": "ami-2757f631",
                            "arn": "arn:aws:ec2:us-east-1:351403004472:instance/i-0a5725023e73dc0cf",
                            "associate_public_ip_address": "true",
                            "availability_zone": "us-east-1b",
                            "cpu_core_count": "1",
                            "cpu_threads_per_core": "1",
                            "credit_specification.#": "1",
                            "credit_specification.0.cpu_credits": "standard",
                            "disable_api_termination": "false",
                            "ebs_block_device.#": "0",
                            "ebs_optimized": "false",
                            "ephemeral_block_device.#": "0",
                            "get_password_data": "false",
                            "iam_instance_profile": "",
                            "id": "i-0a5725023e73dc0cf",
                            "instance_state": "running",
                            "instance_type": "t2.micro",
                            "ipv6_address_count": "0",
                            "ipv6_addresses.#": "0",
                            "key_name": "",
                            "monitoring": "false",
                            "network_interface.#": "0",
                            "password_data": "",
                            "placement_group": "",
                            "primary_network_interface_id": "eni-038cba0587db82bb4",
                            "private_dns": "ip-172-31-92-216.ec2.internal",
                            "private_ip": "172.31.92.216",
                            "public_dns": "ec2-54-88-228-72.compute-1.amazonaws.com",
                            "public_ip": "54.88.228.72",
                            "root_block_device.#": "1",
                            "root_block_device.0.delete_on_termination": "true",
                            "root_block_device.0.iops": "100",
                            "root_block_device.0.volume_id": "vol-0d4aaf6b02e220dd7",
                            "root_block_device.0.volume_size": "8",
                            "root_block_device.0.volume_type": "gp2",
                            "security_groups.#": "1",
                            "security_groups.3814588639": "default",
                            "source_dest_check": "true",
                            "subnet_id": "subnet-73622d5d",
                            "tags.%": "0",
                            "tenancy": "default",
                            "volume_tags.%": "0",
                            "vpc_security_group_ids.#": "1",
                            "vpc_security_group_ids.2775983898": "sg-2df3ba74"
                        },
                        "meta": {
                            "e2bfb730-ecaa-11e6-8f88-34363bc7c4c0": {
                                "create": 600000000000,
                                "delete": 1200000000000,
                                "update": 600000000000
                            },
                            "schema_version": "1"
                        },
                        "tainted": false
                    },
                    "deposed": [],
                    "provider": "provider.aws"
                }
            },
            "depends_on": []
        }
    ]
}
